
Microsoft Visual Studio Solution File, Format Version 12.00
# Visual Studio Version 17
VisualStudioVersion = 17.14.36121.58
MinimumVisualStudioVersion = 10.0.40219.1
Project("{FAE04EC0-301F-11D3-BF4B-00C04F79EFBC}") = "AirsoftShop", "AirsoftShop\AirsoftShop.csproj", "{A200D30F-88F0-41E6-97C5-06E99864BE4E}"
EndProject
Project("{FAE04EC0-301F-11D3-BF4B-00C04F79EFBC}") = "OnlineShop.DB", "OnlineShop.DB\OnlineShop.DB.csproj", "{72DE572A-63B7-49C6-B4A7-DAA7BCC886A7}"
EndProject
Global
	GlobalSection(SolutionConfigurationPlatforms) = preSolution
		Debug|Any CPU = Debug|Any CPU
		Release|Any CPU = Release|Any CPU
	EndGlobalSection
	GlobalSection(ProjectConfigurationPlatforms) = postSolution
		{A200D30F-88F0-41E6-97C5-06E99864BE4E}.Debug|Any CPU.ActiveCfg = Debug|Any CPU
		{A200D30F-88F0-41E6-97C5-06E99864BE4E}.Debug|Any CPU.Build.0 = Debug|Any CPU
		{A200D30F-88F0-41E6-97C5-06E99864BE4E}.Release|Any CPU.ActiveCfg = Release|Any CPU
		{A200D30F-88F0-41E6-97C5-06E99864BE4E}.Release|Any CPU.Build.0 = Release|Any CPU
		{72DE572A-63B7-49C6-B4A7-DAA7BCC886A7}.Debug|Any CPU.ActiveCfg = Debug|Any CPU
		{72DE572A-63B7-49C6-B4A7-DAA7BCC886A7}.Debug|Any CPU.Build.0 = Debug|Any CPU
		{72DE572A-63B7-49C6-B4A7-DAA7BCC886A7}.Release|Any CPU.ActiveCfg = Release|Any CPU
		{72DE572A-63B7-49C6-B4A7-DAA7BCC886A7}.Release|Any CPU.Build.0 = Release|Any CPU
	EndGlobalSection
	GlobalSection(SolutionProperties) = preSolution
		HideSolutionNode = FALSE
	EndGlobalSection
	GlobalSection(ExtensibilityGlobals) = postSolution
		SolutionGuid = {728B5591-7BDA-4DBC-8497-4A761C7A29B4}
	EndGlobalSection
EndGlobal
